
Microsoft Visual Studio Solution File, Format Version 12.00
# Visual Studio Version 17
VisualStudioVersion = 17.9.34607.119
MinimumVisualStudioVersion = 10.0.40219.1
Project("{FAE04EC0-301F-11D3-BF4B-00C04F79EFBC}") = "EmployeeProject", "EmployeeProject\EmployeeProject.csproj", "{ED49F535-D9E0-4ECB-A784-5D75EA20227E}"
EndProject
Global
	GlobalSection(SolutionConfigurationPlatforms) = preSolution
		Debug|Any CPU = Debug|Any CPU
		Release|Any CPU = Release|Any CPU
	EndGlobalSection
	GlobalSection(ProjectConfigurationPlatforms) = postSolution
		{ED49F535-D9E0-4ECB-A784-5D75EA20227E}.Debug|Any CPU.ActiveCfg = Debug|Any CPU
		{ED49F535-D9E0-4ECB-A784-5D75EA20227E}.Debug|Any CPU.Build.0 = Debug|Any CPU
		{ED49F535-D9E0-4ECB-A784-5D75EA20227E}.Release|Any CPU.ActiveCfg = Release|Any CPU
		{ED49F535-D9E0-4ECB-A784-5D75EA20227E}.Release|Any CPU.Build.0 = Release|Any CPU
	EndGlobalSection
	GlobalSection(SolutionProperties) = preSolution
		HideSolutionNode = FALSE
	EndGlobalSection
	GlobalSection(ExtensibilityGlobals) = postSolution
		SolutionGuid = {C3A26086-8D96-4687-8BA6-C70619A95FEE}
	EndGlobalSection
EndGlobal
